
Microsoft Visual Studio Solution File, Format Version 12.00
# Visual Studio Version 16
VisualStudioVersion = 16.0.30104.148
MinimumVisualStudioVersion = 10.0.40219.1
Project("{FAE04EC0-301F-11D3-BF4B-00C04F79EFBC}") = "QuestionnaireMW", "QuestionnaireMW\QuestionnaireMW.csproj", "{BE71BCDE-9C1E-461B-8415-6845C0F54A64}"
EndProject
Global
	GlobalSection(SolutionConfigurationPlatforms) = preSolution
		Debug|Any CPU = Debug|Any CPU
		Release|Any CPU = Release|Any CPU
	EndGlobalSection
	GlobalSection(ProjectConfigurationPlatforms) = postSolution
		{BE71BCDE-9C1E-461B-8415-6845C0F54A64}.Debug|Any CPU.ActiveCfg = Debug|Any CPU
		{BE71BCDE-9C1E-461B-8415-6845C0F54A64}.Debug|Any CPU.Build.0 = Debug|Any CPU
		{BE71BCDE-9C1E-461B-8415-6845C0F54A64}.Release|Any CPU.ActiveCfg = Release|Any CPU
		{BE71BCDE-9C1E-461B-8415-6845C0F54A64}.Release|Any CPU.Build.0 = Release|Any CPU
	EndGlobalSection
	GlobalSection(SolutionProperties) = preSolution
		HideSolutionNode = FALSE
	EndGlobalSection
	GlobalSection(ExtensibilityGlobals) = postSolution
		SolutionGuid = {222AA603-B101-46DF-948D-FE0EB9174512}
	EndGlobalSection
EndGlobal
